// !$*UTF8*$!
{
	archiveVersion = 1;
	classes = {
	};
	objectVersion = 50;
	objects = {

/* Begin PBXBuildFile section */
		1B0550EB26E06D2F00313D50 /* PageTableViewController.swift in Sources */ = {isa = PBXBuildFile; fileRef = 1B0550EA26E06D2F00313D50 /* PageTableViewController.swift */; };
		1BD79F2726DFD15500CECD98 /* Model.swift in Sources */ = {isa = PBXBuildFile; fileRef = 1BD79F2626DFD15500CECD98 /* Model.swift */; };
		1BE51DD426DE7A5400800A7E /* AppDelegate.swift in Sources */ = {isa = PBXBuildFile; fileRef = 1BE51DD326DE7A5400800A7E /* AppDelegate.swift */; };
		1BE51DD626DE7A5400800A7E /* SceneDelegate.swift in Sources */ = {isa = PBXBuildFile; fileRef = 1BE51DD526DE7A5400800A7E /* SceneDelegate.swift */; };
		1BE51DD826DE7A5400800A7E /* ViewController.swift in Sources */ = {isa = PBXBuildFile; fileRef = 1BE51DD726DE7A5400800A7E /* ViewController.swift */; };
		1BE51DDB26DE7A5400800A7E /* Main.storyboard in Resources */ = {isa = PBXBuildFile; fileRef = 1BE51DD926DE7A5400800A7E /* Main.storyboard */; };
		1BE51DDD26DE7A5500800A7E /* Assets.xcassets in Resources */ = {isa = PBXBuildFile; fileRef = 1BE51DDC26DE7A5500800A7E /* Assets.xcassets */; };
		1BE51DE026DE7A5500800A7E /* LaunchScreen.storyboard in Resources */ = {isa = PBXBuildFile; fileRef = 1BE51DDE26DE7A5500800A7E /* LaunchScreen.storyboard */; };
		1BE51DEB26DE7A5500800A7E /* PageTableViewTests.swift in Sources */ = {isa = PBXBuildFile; fileRef = 1BE51DEA26DE7A5500800A7E /* PageTableViewTests.swift */; };
		1BE51DF626DE7A5500800A7E /* PageTableViewUITests.swift in Sources */ = {isa = PBXBuildFile; fileRef = 1BE51DF526DE7A5500800A7E /* PageTableViewUITests.swift */; };
		1BE51E0426DE7A8A00800A7E /* TabView.swift in Sources */ = {isa = PBXBuildFile; fileRef = 1BE51E0326DE7A8A00800A7E /* TabView.swift */; };
/* End PBXBuildFile section */

/* Begin PBXContainerItemProxy section */
		1BE51DE726DE7A5500800A7E /* PBXContainerItemProxy */ = {
			isa = PBXContainerItemProxy;
			containerPortal = 1BE51DC826DE7A5400800A7E /* Project object */;
			proxyType = 1;
			remoteGlobalIDString = 1BE51DCF26DE7A5400800A7E;
			remoteInfo = PageTableView;
		};
		1BE51DF226DE7A5500800A7E /* PBXContainerItemProxy */ = {
			isa = PBXContainerItemProxy;
			containerPortal = 1BE51DC826DE7A5400800A7E /* Project object */;
			proxyType = 1;
			remoteGlobalIDString = 1BE51DCF26DE7A5400800A7E;
			remoteInfo = PageTableView;
		};
/* End PBXContainerItemProxy section */

/* Begin PBXFileReference section */
		1B0550EA26E06D2F00313D50 /* PageTableViewController.swift */ = {isa = PBXFileReference; lastKnownFileType = sourcecode.swift; path = PageTableViewController.swift; sourceTree = "<group>"; };
		1BD79F2626DFD15500CECD98 /* Model.swift */ = {isa = PBXFileReference; lastKnownFileType = sourcecode.swift; path = Model.swift; sourceTree = "<group>"; };
		1BE51DD026DE7A5400800A7E /* PageTableView.app */ = {isa = PBXFileReference; explicitFileType = wrapper.application; includeInIndex = 0; path = PageTableView.app; sourceTree = BUILT_PRODUCTS_DIR; };
		1BE51DD326DE7A5400800A7E /* AppDelegate.swift */ = {isa = PBXFileReference; lastKnownFileType = sourcecode.swift; path = AppDelegate.swift; sourceTree = "<group>"; };
		1BE51DD526DE7A5400800A7E /* SceneDelegate.swift */ = {isa = PBXFileReference; lastKnownFileType = sourcecode.swift; path = SceneDelegate.swift; sourceTree = "<group>"; };
		1BE51DD726DE7A5400800A7E /* ViewController.swift */ = {isa = PBXFileReference; lastKnownFileType = sourcecode.swift; path = ViewController.swift; sourceTree = "<group>"; };
		1BE51DDA26DE7A5400800A7E /* Base */ = {isa = PBXFileReference; lastKnownFileType = file.storyboard; name = Base; path = Base.lproj/Main.storyboard; sourceTree = "<group>"; };
		1BE51DDC26DE7A5500800A7E /* Assets.xcassets */ = {isa = PBXFileReference; lastKnownFileType = folder.assetcatalog; path = Assets.xcassets; sourceTree = "<group>"; };
		1BE51DDF26DE7A5500800A7E /* Base */ = {isa = PBXFileReference; lastKnownFileType = file.storyboard; name = Base; path = Base.lproj/LaunchScreen.storyboard; sourceTree = "<group>"; };
		1BE51DE126DE7A5500800A7E /* Info.plist */ = {isa = PBXFileReference; lastKnownFileType = text.plist.xml; path = Info.plist; sourceTree = "<group>"; };
		1BE51DE626DE7A5500800A7E /* PageTableViewTests.xctest */ = {isa = PBXFileReference; explicitFileType = wrapper.cfbundle; includeInIndex = 0; path = PageTableViewTests.xctest; sourceTree = BUILT_PRODUCTS_DIR; };
		1BE51DEA26DE7A5500800A7E /* PageTableViewTests.swift */ = {isa = PBXFileReference; lastKnownFileType = sourcecode.swift; path = PageTableViewTests.swift; sourceTree = "<group>"; };
		1BE51DEC26DE7A5500800A7E /* Info.plist */ = {isa = PBXFileReference; lastKnownFileType = text.plist.xml; path = Info.plist; sourceTree = "<group>"; };
		1BE51DF126DE7A5500800A7E /* PageTableViewUITests.xctest */ = {isa = PBXFileReference; explicitFileType = wrapper.cfbundle; includeInIndex = 0; path = PageTableViewUITests.xctest; sourceTree = BUILT_PRODUCTS_DIR; };
		1BE51DF526DE7A5500800A7E /* PageTableViewUITests.swift */ = {isa = PBXFileReference; lastKnownFileType = sourcecode.swift; path = PageTableViewUITests.swift; sourceTree = "<group>"; };
		1BE51DF726DE7A5500800A7E /* Info.plist */ = {isa = PBXFileReference; lastKnownFileType = text.plist.xml; path = Info.plist; sourceTree = "<group>"; };
		1BE51E0326DE7A8A00800A7E /* TabView.swift */ = {isa = PBXFileReference; lastKnownFileType = sourcecode.swift; path = TabView.swift; sourceTree = "<group>"; };
/* End PBXFileReference section */

/* Begin PBXFrameworksBuildPhase section */
		1BE51DCD26DE7A5400800A7E /* Frameworks */ = {
			isa = PBXFrameworksBuildPhase;
			buildActionMask = 2147483647;
			files = (
			);
			runOnlyForDeploymentPostprocessing = 0;
		};
		1BE51DE326DE7A5500800A7E /* Frameworks */ = {
			isa = PBXFrameworksBuildPhase;
			buildActionMask = 2147483647;
			files = (
			);
			runOnlyForDeploymentPostprocessing = 0;
		};
		1BE51DEE26DE7A5500800A7E /* Frameworks */ = {
			isa = PBXFrameworksBuildPhase;
			buildActionMask = 2147483647;
			files = (
			);
			runOnlyForDeploymentPostprocessing = 0;
		};
/* End PBXFrameworksBuildPhase section */

/* Begin PBXGroup section */
		1BE51DC726DE7A5400800A7E = {
			isa = PBXGroup;
			children = (
				1BE51DD226DE7A5400800A7E /* PageTableView */,
				1BE51DE926DE7A5500800A7E /* PageTableViewTests */,
				1BE51DF426DE7A5500800A7E /* PageTableViewUITests */,
				1BE51DD126DE7A5400800A7E /* Products */,
			);
			sourceTree = "<group>";
		};
		1BE51DD126DE7A5400800A7E /* Products */ = {
			isa = PBXGroup;
			children = (
				1BE51DD026DE7A5400800A7E /* PageTableView.app */,
				1BE51DE626DE7A5500800A7E /* PageTableViewTests.xctest */,
				1BE51DF126DE7A5500800A7E /* PageTableViewUITests.xctest */,
			);
			name = Products;
			sourceTree = "<group>";
		};
		1BE51DD226DE7A5400800A7E /* PageTableView */ = {
			isa = PBXGroup;
			children = (
				1BE51DD326DE7A5400800A7E /* AppDelegate.swift */,
				1BE51DD526DE7A5400800A7E /* SceneDelegate.swift */,
				1BE51DD726DE7A5400800A7E /* ViewController.swift */,
				1B0550EA26E06D2F00313D50 /* PageTableViewController.swift */,
				1BD79F2626DFD15500CECD98 /* Model.swift */,
				1BE51E0326DE7A8A00800A7E /* TabView.swift */,
				1BE51DD926DE7A5400800A7E /* Main.storyboard */,
				1BE51DDC26DE7A5500800A7E /* Assets.xcassets */,
				1BE51DDE26DE7A5500800A7E /* LaunchScreen.storyboard */,
				1BE51DE126DE7A5500800A7E /* Info.plist */,
			);
			path = PageTableView;
			sourceTree = "<group>";
		};
		1BE51DE926DE7A5500800A7E /* PageTableViewTests */ = {
			isa = PBXGroup;
			children = (
				1BE51DEA26DE7A5500800A7E /* PageTableViewTests.swift */,
				1BE51DEC26DE7A5500800A7E /* Info.plist */,
			);
			path = PageTableViewTests;
			sourceTree = "<group>";
		};
		1BE51DF426DE7A5500800A7E /* PageTableViewUITests */ = {
			isa = PBXGroup;
			children = (
				1BE51DF526DE7A5500800A7E /* PageTableViewUITests.swift */,
				1BE51DF726DE7A5500800A7E /* Info.plist */,
			);
			path = PageTableViewUITests;
			sourceTree = "<group>";
		};
/* End PBXGroup section */

/* Begin PBXNativeTarget section */
		1BE51DCF26DE7A5400800A7E /* PageTableView */ = {
			isa = PBXNativeTarget;
			buildConfigurationList = 1BE51DFA26DE7A5500800A7E /* Build configuration list for PBXNativeTarget "PageTableView" */;
			buildPhases = (
				1BE51DCC26DE7A5400800A7E /* Sources */,
				1BE51DCD26DE7A5400800A7E /* Frameworks */,
				1BE51DCE26DE7A5400800A7E /* Resources */,
			);
			buildRules = (
			);
			dependencies = (
			);
			name = PageTableView;
			productName = PageTableView;
			productReference = 1BE51DD026DE7A5400800A7E /* PageTableView.app */;
			productType = "com.apple.product-type.application";
		};
		1BE51DE526DE7A5500800A7E /* PageTableViewTests */ = {
			isa = PBXNativeTarget;
			buildConfigurationList = 1BE51DFD26DE7A5500800A7E /* Build configuration list for PBXNativeTarget "PageTableViewTests" */;
			buildPhases = (
				1BE51DE226DE7A5500800A7E /* Sources */,
				1BE51DE326DE7A5500800A7E /* Frameworks */,
				1BE51DE426DE7A5500800A7E /* Resources */,
			);
			buildRules = (
			);
			dependencies = (
				1BE51DE826DE7A5500800A7E /* PBXTargetDependency */,
			);
			name = PageTableViewTests;
			productName = PageTableViewTests;
			productReference = 1BE51DE626DE7A5500800A7E /* PageTableViewTests.xctest */;
			productType = "com.apple.product-type.bundle.unit-test";
		};
		1BE51DF026DE7A5500800A7E /* PageTableViewUITests */ = {
			isa = PBXNativeTarget;
			buildConfigurationList = 1BE51E0026DE7A5500800A7E /* Build configuration list for PBXNativeTarget "PageTableViewUITests" */;
			buildPhases = (
				1BE51DED26DE7A5500800A7E /* Sources */,
				1BE51DEE26DE7A5500800A7E /* Frameworks */,
				1BE51DEF26DE7A5500800A7E /* Resources */,
			);
			buildRules = (
			);
			dependencies = (
				1BE51DF326DE7A5500800A7E /* PBXTargetDependency */,
			);
			name = PageTableViewUITests;
			productName = PageTableViewUITests;
			productReference = 1BE51DF126DE7A5500800A7E /* PageTableViewUITests.xctest */;
			productType = "com.apple.product-type.bundle.ui-testing";
		};
/* End PBXNativeTarget section */

/* Begin PBXProject section */
		1BE51DC826DE7A5400800A7E /* Project object */ = {
			isa = PBXProject;
			attributes = {
				LastSwiftUpdateCheck = 1250;
				LastUpgradeCheck = 1250;
				TargetAttributes = {
					1BE51DCF26DE7A5400800A7E = {
						CreatedOnToolsVersion = 12.5.1;
					};
					1BE51DE526DE7A5500800A7E = {
						CreatedOnToolsVersion = 12.5.1;
						TestTargetID = 1BE51DCF26DE7A5400800A7E;
					};
					1BE51DF026DE7A5500800A7E = {
						CreatedOnToolsVersion = 12.5.1;
						TestTargetID = 1BE51DCF26DE7A5400800A7E;
					};
				};
			};
			buildConfigurationList = 1BE51DCB26DE7A5400800A7E /* Build configuration list for PBXProject "PageTableView" */;
			compatibilityVersion = "Xcode 9.3";
			developmentRegion = en;
			hasScannedForEncodings = 0;
			knownRegions = (
				en,
				Base,
			);
			mainGroup = 1BE51DC726DE7A5400800A7E;
			productRefGroup = 1BE51DD126DE7A5400800A7E /* Products */;
			projectDirPath = "";
			projectRoot = "";
			targets = (
				1BE51DCF26DE7A5400800A7E /* PageTableView */,
				1BE51DE526DE7A5500800A7E /* PageTableViewTests */,
				1BE51DF026DE7A5500800A7E /* PageTableViewUITests */,
			);
		};
/* End PBXProject section */

/* Begin PBXResourcesBuildPhase section */
		1BE51DCE26DE7A5400800A7E /* Resources */ = {
			isa = PBXResourcesBuildPhase;
			buildActionMask = 2147483647;
			files = (
				1BE51DE026DE7A5500800A7E /* LaunchScreen.storyboard in Resources */,
				1BE51DDD26DE7A5500800A7E /* Assets.xcassets in Resources */,
				1BE51DDB26DE7A5400800A7E /* Main.storyboard in Resources */,
			);
			runOnlyForDeploymentPostprocessing = 0;
		};
		1BE51DE426DE7A5500800A7E /* Resources */ = {
			isa = PBXResourcesBuildPhase;
			buildActionMask = 2147483647;
			files = (
			);
			runOnlyForDeploymentPostprocessing = 0;
		};
		1BE51DEF26DE7A5500800A7E /* Resources */ = {
			isa = PBXResourcesBuildPhase;
			buildActionMask = 2147483647;
			files = (
			);
			runOnlyForDeploymentPostprocessing = 0;
		};
/* End PBXResourcesBuildPhase section */

/* Begin PBXSourcesBuildPhase section */
		1BE51DCC26DE7A5400800A7E /* Sources */ = {
			isa = PBXSourcesBuildPhase;
			buildActionMask = 2147483647;
			files = (
				1BD79F2726DFD15500CECD98 /* Model.swift in Sources */,
				1BE51DD826DE7A5400800A7E /* ViewController.swift in Sources */,
				1B0550EB26E06D2F00313D50 /* PageTableViewController.swift in Sources */,
				1BE51DD426DE7A5400800A7E /* AppDelegate.swift in Sources */,
				1BE51E0426DE7A8A00800A7E /* TabView.swift in Sources */,
				1BE51DD626DE7A5400800A7E /* SceneDelegate.swift in Sources */,
			);
			runOnlyForDeploymentPostprocessing = 0;
		};
		1BE51DE226DE7A5500800A7E /* Sources */ = {
			isa = PBXSourcesBuildPhase;
			buildActionMask = 2147483647;
			files = (
				1BE51DEB26DE7A5500800A7E /* PageTableViewTests.swift in Sources */,
			);
			runOnlyForDeploymentPostprocessing = 0;
		};
		1BE51DED26DE7A5500800A7E /* Sources */ = {
			isa = PBXSourcesBuildPhase;
			buildActionMask = 2147483647;
			files = (
				1BE51DF626DE7A5500800A7E /* PageTableViewUITests.swift in Sources */,
			);
			runOnlyForDeploymentPostprocessing = 0;
		};
/* End PBXSourcesBuildPhase section */

/* Begin PBXTargetDependency section */
		1BE51DE826DE7A5500800A7E /* PBXTargetDependency */ = {
			isa = PBXTargetDependency;
			target = 1BE51DCF26DE7A5400800A7E /* PageTableView */;
			targetProxy = 1BE51DE726DE7A5500800A7E /* PBXContainerItemProxy */;
		};
		1BE51DF326DE7A5500800A7E /* PBXTargetDependency */ = {
			isa = PBXTargetDependency;
			target = 1BE51DCF26DE7A5400800A7E /* PageTableView */;
			targetProxy = 1BE51DF226DE7A5500800A7E /* PBXContainerItemProxy */;
		};
/* End PBXTargetDependency section */

/* Begin PBXVariantGroup section */
		1BE51DD926DE7A5400800A7E /* Main.storyboard */ = {
			isa = PBXVariantGroup;
			children = (
				1BE51DDA26DE7A5400800A7E /* Base */,
			);
			name = Main.storyboard;
			sourceTree = "<group>";
		};
		1BE51DDE26DE7A5500800A7E /* LaunchScreen.storyboard */ = {
			isa = PBXVariantGroup;
			children = (
				1BE51DDF26DE7A5500800A7E /* Base */,
			);
			name = LaunchScreen.storyboard;
			sourceTree = "<group>";
		};
/* End PBXVariantGroup section */

/* Begin XCBuildConfiguration section */
		1BE51DF826DE7A5500800A7E /* Debug */ = {
			isa = XCBuildConfiguration;
			buildSettings = {
				ALWAYS_SEARCH_USER_PATHS = NO;
				CLANG_ANALYZER_NONNULL = YES;
				CLANG_ANALYZER_NUMBER_OBJECT_CONVERSION = YES_AGGRESSIVE;
				CLANG_CXX_LANGUAGE_STANDARD = "gnu++14";
				CLANG_CXX_LIBRARY = "libc++";
				CLANG_ENABLE_MODULES = YES;
				CLANG_ENABLE_OBJC_ARC = YES;
				CLANG_ENABLE_OBJC_WEAK = YES;
				CLANG_WARN_BLOCK_CAPTURE_AUTORELEASING = YES;
				CLANG_WARN_BOOL_CONVERSION = YES;
				CLANG_WARN_COMMA = YES;
				CLANG_WARN_CONSTANT_CONVERSION = YES;
				CLANG_WARN_DEPRECATED_OBJC_IMPLEMENTATIONS = YES;
				CLANG_WARN_DIRECT_OBJC_ISA_USAGE = YES_ERROR;
				CLANG_WARN_DOCUMENTATION_COMMENTS = YES;
				CLANG_WARN_EMPTY_BODY = YES;
				CLANG_WARN_ENUM_CONVERSION = YES;
				CLANG_WARN_INFINITE_RECURSION = YES;
				CLANG_WARN_INT_CONVERSION = YES;
				CLANG_WARN_NON_LITERAL_NULL_CONVERSION = YES;
				CLANG_WARN_OBJC_IMPLICIT_RETAIN_SELF = YES;
				CLANG_WARN_OBJC_LITERAL_CONVERSION = YES;
				CLANG_WARN_OBJC_ROOT_CLASS = YES_ERROR;
				CLANG_WARN_QUOTED_INCLUDE_IN_FRAMEWORK_HEADER = YES;
				CLANG_WARN_RANGE_LOOP_ANALYSIS = YES;
				CLANG_WARN_STRICT_PROTOTYPES = YES;
				CLANG_WARN_SUSPICIOUS_MOVE = YES;
				CLANG_WARN_UNGUARDED_AVAILABILITY = YES_AGGRESSIVE;
				CLANG_WARN_UNREACHABLE_CODE = YES;
				CLANG_WARN__DUPLICATE_METHOD_MATCH = YES;
				COPY_PHASE_STRIP = NO;
				DEBUG_INFORMATION_FORMAT = dwarf;
				ENABLE_STRICT_OBJC_MSGSEND = YES;
				ENABLE_TESTABILITY = YES;
				GCC_C_LANGUAGE_STANDARD = gnu11;
				GCC_DYNAMIC_NO_PIC = NO;
				GCC_NO_COMMON_BLOCKS = YES;
				GCC_OPTIMIZATION_LEVEL = 0;
				GCC_PREPROCESSOR_DEFINITIONS = (
					"DEBUG=1",
					"$(inherited)",
				);
				GCC_WARN_64_TO_32_BIT_CONVERSION = YES;
				GCC_WARN_ABOUT_RETURN_TYPE = YES_ERROR;
				GCC_WARN_UNDECLARED_SELECTOR = YES;
				GCC_WARN_UNINITIALIZED_AUTOS = YES_AGGRESSIVE;
				GCC_WARN_UNUSED_FUNCTION = YES;
				GCC_WARN_UNUSED_VARIABLE = YES;
				IPHONEOS_DEPLOYMENT_TARGET = 14.5;
				MTL_ENABLE_DEBUG_INFO = INCLUDE_SOURCE;
				MTL_FAST_MATH = YES;
				ONLY_ACTIVE_ARCH = YES;
				SDKROOT = iphoneos;
				SWIFT_ACTIVE_COMPILATION_CONDITIONS = DEBUG;
				SWIFT_OPTIMIZATION_LEVEL = "-Onone";
			};
			name = Debug;
		};
		1BE51DF926DE7A5500800A7E /* Release */ = {
			isa = XCBuildConfiguration;
			buildSettings = {
				ALWAYS_SEARCH_USER_PATHS = NO;
				CLANG_ANALYZER_NONNULL = YES;
				CLANG_ANALYZER_NUMBER_OBJECT_CONVERSION = YES_AGGRESSIVE;
				CLANG_CXX_LANGUAGE_STANDARD = "gnu++14";
				CLANG_CXX_LIBRARY = "libc++";
				CLANG_ENABLE_MODULES = YES;
				CLANG_ENABLE_OBJC_ARC = YES;
				CLANG_ENABLE_OBJC_WEAK = YES;
				CLANG_WARN_BLOCK_CAPTURE_AUTORELEASING = YES;
				CLANG_WARN_BOOL_CONVERSION = YES;
				CLANG_WARN_COMMA = YES;
				CLANG_WARN_CONSTANT_CONVERSION = YES;
				CLANG_WARN_DEPRECATED_OBJC_IMPLEMENTATIONS = YES;
				CLANG_WARN_DIRECT_OBJC_ISA_USAGE = YES_ERROR;
				CLANG_WARN_DOCUMENTATION_COMMENTS = YES;
				CLANG_WARN_EMPTY_BODY = YES;
				CLANG_WARN_ENUM_CONVERSION = YES;
				CLANG_WARN_INFINITE_RECURSION = YES;
				CLANG_WARN_INT_CONVERSION = YES;
				CLANG_WARN_NON_LITERAL_NULL_CONVERSION = YES;
				CLANG_WARN_OBJC_IMPLICIT_RETAIN_SELF = YES;
				CLANG_WARN_OBJC_LITERAL_CONVERSION = YES;
				CLANG_WARN_OBJC_ROOT_CLASS = YES_ERROR;
				CLANG_WARN_QUOTED_INCLUDE_IN_FRAMEWORK_HEADER = YES;
				CLANG_WARN_RANGE_LOOP_ANALYSIS = YES;
				CLANG_WARN_STRICT_PROTOTYPES = YES;
				CLANG_WARN_SUSPICIOUS_MOVE = YES;
				CLANG_WARN_UNGUARDED_AVAILABILITY = YES_AGGRESSIVE;
				CLANG_WARN_UNREACHABLE_CODE = YES;
				CLANG_WARN__DUPLICATE_METHOD_MATCH = YES;
				COPY_PHASE_STRIP = NO;
				DEBUG_INFORMATION_FORMAT = "dwarf-with-dsym";
				ENABLE_NS_ASSERTIONS = NO;
				ENABLE_STRICT_OBJC_MSGSEND = YES;
				GCC_C_LANGUAGE_STANDARD = gnu11;
				GCC_NO_COMMON_BLOCKS = YES;
				GCC_WARN_64_TO_32_BIT_CONVERSION = YES;
				GCC_WARN_ABOUT_RETURN_TYPE = YES_ERROR;
				GCC_WARN_UNDECLARED_SELECTOR = YES;
				GCC_WARN_UNINITIALIZED_AUTOS = YES_AGGRESSIVE;
				GCC_WARN_UNUSED_FUNCTION = YES;
				GCC_WARN_UNUSED_VARIABLE = YES;
				IPHONEOS_DEPLOYMENT_TARGET = 14.5;
				MTL_ENABLE_DEBUG_INFO = NO;
				MTL_FAST_MATH = YES;
				SDKROOT = iphoneos;
				SWIFT_COMPILATION_MODE = wholemodule;
				SWIFT_OPTIMIZATION_LEVEL = "-O";
				VALIDATE_PRODUCT = YES;
			};
			name = Release;
		};
		1BE51DFB26DE7A5500800A7E /* Debug */ = {
			isa = XCBuildConfiguration;
			buildSettings = {
				ASSETCATALOG_COMPILER_APPICON_NAME = AppIcon;
				ASSETCATALOG_COMPILER_GLOBAL_ACCENT_COLOR_NAME = AccentColor;
				CODE_SIGN_STYLE = Automatic;
				DEVELOPMENT_TEAM = L9Z3A46K8M;
				INFOPLIST_FILE = PageTableView/Info.plist;
				LD_RUNPATH_SEARCH_PATHS = (
					"$(inherited)",
					"@executable_path/Frameworks",
				);
				PRODUCT_BUNDLE_IDENTIFIER = com.PageTableView;
				PRODUCT_NAME = "$(TARGET_NAME)";
				SWIFT_VERSION = 5.0;
				TARGETED_DEVICE_FAMILY = "1,2";
			};
			name = Debug;
		};
		1BE51DFC26DE7A5500800A7E /* Release */ = {
			isa = XCBuildConfiguration;
			buildSettings = {
				ASSETCATALOG_COMPILER_APPICON_NAME = AppIcon;
				ASSETCATALOG_COMPILER_GLOBAL_ACCENT_COLOR_NAME = AccentColor;
				CODE_SIGN_STYLE = Automatic;
				DEVELOPMENT_TEAM = L9Z3A46K8M;
				INFOPLIST_FILE = PageTableView/Info.plist;
				LD_RUNPATH_SEARCH_PATHS = (
					"$(inherited)",
					"@executable_path/Frameworks",
				);
				PRODUCT_BUNDLE_IDENTIFIER = com.PageTableView;
				PRODUCT_NAME = "$(TARGET_NAME)";
				SWIFT_VERSION = 5.0;
				TARGETED_DEVICE_FAMILY = "1,2";
			};
			name = Release;
		};
		1BE51DFE26DE7A5500800A7E /* Debug */ = {
			isa = XCBuildConfiguration;
			buildSettings = {
				ALWAYS_EMBED_SWIFT_STANDARD_LIBRARIES = YES;
				BUNDLE_LOADER = "$(TEST_HOST)";
				CODE_SIGN_STYLE = Automatic;
				DEVELOPMENT_TEAM = L9Z3A46K8M;
				INFOPLIST_FILE = PageTableViewTests/Info.plist;
				IPHONEOS_DEPLOYMENT_TARGET = 14.5;
				LD_RUNPATH_SEARCH_PATHS = (
					"$(inherited)",
					"@executable_path/Frameworks",
					"@loader_path/Frameworks",
				);
				PRODUCT_BUNDLE_IDENTIFIER = com.PageTableViewTests;
				PRODUCT_NAME = "$(TARGET_NAME)";
				SWIFT_VERSION = 5.0;
				TARGETED_DEVICE_FAMILY = "1,2";
				TEST_HOST = "$(BUILT_PRODUCTS_DIR)/PageTableView.app/PageTableView";
			};
			name = Debug;
		};
		1BE51DFF26DE7A5500800A7E /* Release */ = {
			isa = XCBuildConfiguration;
			buildSettings = {
				ALWAYS_EMBED_SWIFT_STANDARD_LIBRARIES = YES;
				BUNDLE_LOADER = "$(TEST_HOST)";
				CODE_SIGN_STYLE = Automatic;
				DEVELOPMENT_TEAM = L9Z3A46K8M;
				INFOPLIST_FILE = PageTableViewTests/Info.plist;
				IPHONEOS_DEPLOYMENT_TARGET = 14.5;
				LD_RUNPATH_SEARCH_PATHS = (
					"$(inherited)",
					"@executable_path/Frameworks",
					"@loader_path/Frameworks",
				);
				PRODUCT_BUNDLE_IDENTIFIER = com.PageTableViewTests;
				PRODUCT_NAME = "$(TARGET_NAME)";
				SWIFT_VERSION = 5.0;
				TARGETED_DEVICE_FAMILY = "1,2";
				TEST_HOST = "$(BUILT_PRODUCTS_DIR)/PageTableView.app/PageTableView";
			};
			name = Release;
		};
		1BE51E0126DE7A5500800A7E /* Debug */ = {
			isa = XCBuildConfiguration;
			buildSettings = {
				ALWAYS_EMBED_SWIFT_STANDARD_LIBRARIES = YES;
				CODE_SIGN_STYLE = Automatic;
				DEVELOPMENT_TEAM = L9Z3A46K8M;
				INFOPLIST_FILE = PageTableViewUITests/Info.plist;
				LD_RUNPATH_SEARCH_PATHS = (
					"$(inherited)",
					"@executable_path/Frameworks",
					"@loader_path/Frameworks",
				);
				PRODUCT_BUNDLE_IDENTIFIER = com.PageTableViewUITests;
				PRODUCT_NAME = "$(TARGET_NAME)";
				SWIFT_VERSION = 5.0;
				TARGETED_DEVICE_FAMILY = "1,2";
				TEST_TARGET_NAME = PageTableView;
			};
			name = Debug;
		};
		1BE51E0226DE7A5500800A7E /* Release */ = {
			isa = XCBuildConfiguration;
			buildSettings = {
				ALWAYS_EMBED_SWIFT_STANDARD_LIBRARIES = YES;
				CODE_SIGN_STYLE = Automatic;
				DEVELOPMENT_TEAM = L9Z3A46K8M;
				INFOPLIST_FILE = PageTableViewUITests/Info.plist;
				LD_RUNPATH_SEARCH_PATHS = (
					"$(inherited)",
					"@executable_path/Frameworks",
					"@loader_path/Frameworks",
				);
				PRODUCT_BUNDLE_IDENTIFIER = com.PageTableViewUITests;
				PRODUCT_NAME = "$(TARGET_NAME)";
				SWIFT_VERSION = 5.0;
				TARGETED_DEVICE_FAMILY = "1,2";
				TEST_TARGET_NAME = PageTableView;
			};
			name = Release;
		};
/* End XCBuildConfiguration section */

/* Begin XCConfigurationList section */
		1BE51DCB26DE7A5400800A7E /* Build configuration list for PBXProject "PageTableView" */ = {
			isa = XCConfigurationList;
			buildConfigurations = (
				1BE51DF826DE7A5500800A7E /* Debug */,
				1BE51DF926DE7A5500800A7E /* Release */,
			);
			defaultConfigurationIsVisible = 0;
			defaultConfigurationName = Release;
		};
		1BE51DFA26DE7A5500800A7E /* Build configuration list for PBXNativeTarget "PageTableView" */ = {
			isa = XCConfigurationList;
			buildConfigurations = (
				1BE51DFB26DE7A5500800A7E /* Debug */,
				1BE51DFC26DE7A5500800A7E /* Release */,
			);
			defaultConfigurationIsVisible = 0;
			defaultConfigurationName = Release;
		};
		1BE51DFD26DE7A5500800A7E /* Build configuration list for PBXNativeTarget "PageTableViewTests" */ = {
			isa = XCConfigurationList;
			buildConfigurations = (
				1BE51DFE26DE7A5500800A7E /* Debug */,
				1BE51DFF26DE7A5500800A7E /* Release */,
			);
			defaultConfigurationIsVisible = 0;
			defaultConfigurationName = Release;
		};
		1BE51E0026DE7A5500800A7E /* Build configuration list for PBXNativeTarget "PageTableViewUITests" */ = {
			isa = XCConfigurationList;
			buildConfigurations = (
				1BE51E0126DE7A5500800A7E /* Debug */,
				1BE51E0226DE7A5500800A7E /* Release */,
			);
			defaultConfigurationIsVisible = 0;
			defaultConfigurationName = Release;
		};
/* End XCConfigurationList section */
	};
	rootObject = 1BE51DC826DE7A5400800A7E /* Project object */;
}
